
Microsoft Visual Studio Solution File, Format Version 12.00
# Visual Studio Version 17
VisualStudioVersion = 17.9.34607.119
MinimumVisualStudioVersion = 10.0.40219.1
Project("{FAE04EC0-301F-11D3-BF4B-00C04F79EFBC}") = "WorkingWithReflection", "WorkingWithReflection.csproj", "{152AD2F2-A8E2-4B78-9E46-076076BD4E0E}"
EndProject
Project("{FAE04EC0-301F-11D3-BF4B-00C04F79EFBC}") = "DynamicLoadAndExecute.Library", "..\DynamicLoadAndExecute.Library\DynamicLoadAndExecute.Library.csproj", "{66DCBA1B-AB99-4624-B105-1BB43DA88ABC}"
EndProject
Project("{FAE04EC0-301F-11D3-BF4B-00C04F79EFBC}") = "DynamicLoadAndExecute.Console", "..\DynamicLoadAndExecute.Console\DynamicLoadAndExecute.Console.csproj", "{782C0DF8-FA07-4B5B-B667-189609A785C5}"
EndProject
Project("{FAE04EC0-301F-11D3-BF4B-00C04F79EFBC}") = "WorkingWithExpressionTrees", "..\WorkingWithExpressionTrees\WorkingWithExpressionTrees.csproj", "{4569BF89-1872-4295-BF16-45B10E81A9D0}"
EndProject
Project("{FAE04EC0-301F-11D3-BF4B-00C04F79EFBC}") = "GeneratingCodeApp", "..\GeneratingCodeApp\GeneratingCodeApp.csproj", "{194D013F-AFA2-4E21-95A2-9F2369979838}"
EndProject
Project("{FAE04EC0-301F-11D3-BF4B-00C04F79EFBC}") = "GeneratingCodeLib", "..\GeneratingCodeLib\GeneratingCodeLib.csproj", "{5D9CFE5A-3812-4B3C-9DBD-E6383197E94A}"
EndProject
Global
	GlobalSection(SolutionConfigurationPlatforms) = preSolution
		Debug|Any CPU = Debug|Any CPU
		Release|Any CPU = Release|Any CPU
	EndGlobalSection
	GlobalSection(ProjectConfigurationPlatforms) = postSolution
		{152AD2F2-A8E2-4B78-9E46-076076BD4E0E}.Debug|Any CPU.ActiveCfg = Debug|Any CPU
		{152AD2F2-A8E2-4B78-9E46-076076BD4E0E}.Debug|Any CPU.Build.0 = Debug|Any CPU
		{152AD2F2-A8E2-4B78-9E46-076076BD4E0E}.Release|Any CPU.ActiveCfg = Release|Any CPU
		{152AD2F2-A8E2-4B78-9E46-076076BD4E0E}.Release|Any CPU.Build.0 = Release|Any CPU
		{66DCBA1B-AB99-4624-B105-1BB43DA88ABC}.Debug|Any CPU.ActiveCfg = Debug|Any CPU
		{66DCBA1B-AB99-4624-B105-1BB43DA88ABC}.Debug|Any CPU.Build.0 = Debug|Any CPU
		{66DCBA1B-AB99-4624-B105-1BB43DA88ABC}.Release|Any CPU.ActiveCfg = Release|Any CPU
		{66DCBA1B-AB99-4624-B105-1BB43DA88ABC}.Release|Any CPU.Build.0 = Release|Any CPU
		{782C0DF8-FA07-4B5B-B667-189609A785C5}.Debug|Any CPU.ActiveCfg = Debug|Any CPU
		{782C0DF8-FA07-4B5B-B667-189609A785C5}.Debug|Any CPU.Build.0 = Debug|Any CPU
		{782C0DF8-FA07-4B5B-B667-189609A785C5}.Release|Any CPU.ActiveCfg = Release|Any CPU
		{782C0DF8-FA07-4B5B-B667-189609A785C5}.Release|Any CPU.Build.0 = Release|Any CPU
		{4569BF89-1872-4295-BF16-45B10E81A9D0}.Debug|Any CPU.ActiveCfg = Debug|Any CPU
		{4569BF89-1872-4295-BF16-45B10E81A9D0}.Debug|Any CPU.Build.0 = Debug|Any CPU
		{4569BF89-1872-4295-BF16-45B10E81A9D0}.Release|Any CPU.ActiveCfg = Release|Any CPU
		{4569BF89-1872-4295-BF16-45B10E81A9D0}.Release|Any CPU.Build.0 = Release|Any CPU
		{194D013F-AFA2-4E21-95A2-9F2369979838}.Debug|Any CPU.ActiveCfg = Debug|Any CPU
		{194D013F-AFA2-4E21-95A2-9F2369979838}.Debug|Any CPU.Build.0 = Debug|Any CPU
		{194D013F-AFA2-4E21-95A2-9F2369979838}.Release|Any CPU.ActiveCfg = Release|Any CPU
		{194D013F-AFA2-4E21-95A2-9F2369979838}.Release|Any CPU.Build.0 = Release|Any CPU
		{5D9CFE5A-3812-4B3C-9DBD-E6383197E94A}.Debug|Any CPU.ActiveCfg = Debug|Any CPU
		{5D9CFE5A-3812-4B3C-9DBD-E6383197E94A}.Debug|Any CPU.Build.0 = Debug|Any CPU
		{5D9CFE5A-3812-4B3C-9DBD-E6383197E94A}.Release|Any CPU.ActiveCfg = Release|Any CPU
		{5D9CFE5A-3812-4B3C-9DBD-E6383197E94A}.Release|Any CPU.Build.0 = Release|Any CPU
	EndGlobalSection
	GlobalSection(SolutionProperties) = preSolution
		HideSolutionNode = FALSE
	EndGlobalSection
	GlobalSection(ExtensibilityGlobals) = postSolution
		SolutionGuid = {C7791837-72C0-41B5-B635-22182276CF5F}
	EndGlobalSection
EndGlobal
